
Microsoft Visual Studio Solution File, Format Version 12.00
# Visual Studio Version 17
VisualStudioVersion = 17.3.32901.215
MinimumVisualStudioVersion = 10.0.40219.1
Project("{FAE04EC0-301F-11D3-BF4B-00C04F79EFBC}") = "OnMyOwn", "OnMyOwn.csproj", "{DE0663B8-B1FF-4F01-ADA2-1E6FA6FBF85A}"
EndProject
Global
	GlobalSection(SolutionConfigurationPlatforms) = preSolution
		Debug|Any CPU = Debug|Any CPU
		Release|Any CPU = Release|Any CPU
	EndGlobalSection
	GlobalSection(ProjectConfigurationPlatforms) = postSolution
		{DE0663B8-B1FF-4F01-ADA2-1E6FA6FBF85A}.Debug|Any CPU.ActiveCfg = Debug|Any CPU
		{DE0663B8-B1FF-4F01-ADA2-1E6FA6FBF85A}.Debug|Any CPU.Build.0 = Debug|Any CPU
		{DE0663B8-B1FF-4F01-ADA2-1E6FA6FBF85A}.Release|Any CPU.ActiveCfg = Release|Any CPU
		{DE0663B8-B1FF-4F01-ADA2-1E6FA6FBF85A}.Release|Any CPU.Build.0 = Release|Any CPU
	EndGlobalSection
	GlobalSection(SolutionProperties) = preSolution
		HideSolutionNode = FALSE
	EndGlobalSection
	GlobalSection(ExtensibilityGlobals) = postSolution
		SolutionGuid = {92837862-49B9-47BE-8BC5-56859CCF9695}
	EndGlobalSection
EndGlobal
